// !$*UTF8*$!
{
	archiveVersion = 1;
	classes = {
	};
	objectVersion = 50;
	objects = {

/* Begin PBXBuildFile section */
		5D54FAB4251C33D10038F0B7 /* AppDelegate.swift in Sources */ = {isa = PBXBuildFile; fileRef = 5D54FAB3251C33D10038F0B7 /* AppDelegate.swift */; };
		5D54FAB6251C33D10038F0B7 /* SceneDelegate.swift in Sources */ = {isa = PBXBuildFile; fileRef = 5D54FAB5251C33D10038F0B7 /* SceneDelegate.swift */; };
		5D54FABB251C33D10038F0B7 /* Main.storyboard in Resources */ = {isa = PBXBuildFile; fileRef = 5D54FAB9251C33D10038F0B7 /* Main.storyboard */; };
		5D54FABE251C33D10038F0B7 /* GitHubApiApp.xcdatamodeld in Sources */ = {isa = PBXBuildFile; fileRef = 5D54FABC251C33D10038F0B7 /* GitHubApiApp.xcdatamodeld */; };
		5D54FAC0251C33D30038F0B7 /* Assets.xcassets in Resources */ = {isa = PBXBuildFile; fileRef = 5D54FABF251C33D30038F0B7 /* Assets.xcassets */; };
		5D54FAC3251C33D30038F0B7 /* LaunchScreen.storyboard in Resources */ = {isa = PBXBuildFile; fileRef = 5D54FAC1251C33D30038F0B7 /* LaunchScreen.storyboard */; };
		5D54FAD2251C35560038F0B7 /* SearchUserTableViewCell.swift in Sources */ = {isa = PBXBuildFile; fileRef = 5D54FAD0251C35560038F0B7 /* SearchUserTableViewCell.swift */; };
		5D54FAD3251C35560038F0B7 /* SearchUserTableViewCell.xib in Resources */ = {isa = PBXBuildFile; fileRef = 5D54FAD1251C35560038F0B7 /* SearchUserTableViewCell.xib */; };
		5D54FAD7251C35B30038F0B7 /* SearchUserViewController.swift in Sources */ = {isa = PBXBuildFile; fileRef = 5D54FAD6251C35B30038F0B7 /* SearchUserViewController.swift */; };
		5DB08CE9251D947E009EE0CE /* UserDetailViewController.swift in Sources */ = {isa = PBXBuildFile; fileRef = 5DB08CE8251D947E009EE0CE /* UserDetailViewController.swift */; };
		5DB08CF4251DC759009EE0CE /* UserModel.swift in Sources */ = {isa = PBXBuildFile; fileRef = 5DB08CF3251DC759009EE0CE /* UserModel.swift */; };
		5DB08CF7251DCB6F009EE0CE /* UserData.swift in Sources */ = {isa = PBXBuildFile; fileRef = 5DB08CF6251DCB6F009EE0CE /* UserData.swift */; };
		5DB08CFF251DD3A3009EE0CE /* SearchUserViewPresenter.swift in Sources */ = {isa = PBXBuildFile; fileRef = 5DB08CFE251DD3A3009EE0CE /* SearchUserViewPresenter.swift */; };
/* End PBXBuildFile section */

/* Begin PBXFileReference section */
		5D54FAB0251C33D10038F0B7 /* GitHubApiApp.app */ = {isa = PBXFileReference; explicitFileType = wrapper.application; includeInIndex = 0; path = GitHubApiApp.app; sourceTree = BUILT_PRODUCTS_DIR; };
		5D54FAB3251C33D10038F0B7 /* AppDelegate.swift */ = {isa = PBXFileReference; lastKnownFileType = sourcecode.swift; path = AppDelegate.swift; sourceTree = "<group>"; };
		5D54FAB5251C33D10038F0B7 /* SceneDelegate.swift */ = {isa = PBXFileReference; lastKnownFileType = sourcecode.swift; path = SceneDelegate.swift; sourceTree = "<group>"; };
		5D54FABA251C33D10038F0B7 /* Base */ = {isa = PBXFileReference; lastKnownFileType = file.storyboard; name = Base; path = Base.lproj/Main.storyboard; sourceTree = "<group>"; };
		5D54FABD251C33D10038F0B7 /* GitHubApiApp.xcdatamodel */ = {isa = PBXFileReference; lastKnownFileType = wrapper.xcdatamodel; path = GitHubApiApp.xcdatamodel; sourceTree = "<group>"; };
		5D54FABF251C33D30038F0B7 /* Assets.xcassets */ = {isa = PBXFileReference; lastKnownFileType = folder.assetcatalog; path = Assets.xcassets; sourceTree = "<group>"; };
		5D54FAC2251C33D30038F0B7 /* Base */ = {isa = PBXFileReference; lastKnownFileType = file.storyboard; name = Base; path = Base.lproj/LaunchScreen.storyboard; sourceTree = "<group>"; };
		5D54FAC4251C33D30038F0B7 /* Info.plist */ = {isa = PBXFileReference; lastKnownFileType = text.plist.xml; path = Info.plist; sourceTree = "<group>"; };
		5D54FAD0251C35560038F0B7 /* SearchUserTableViewCell.swift */ = {isa = PBXFileReference; lastKnownFileType = sourcecode.swift; path = SearchUserTableViewCell.swift; sourceTree = "<group>"; };
		5D54FAD1251C35560038F0B7 /* SearchUserTableViewCell.xib */ = {isa = PBXFileReference; lastKnownFileType = file.xib; path = SearchUserTableViewCell.xib; sourceTree = "<group>"; };
		5D54FAD6251C35B30038F0B7 /* SearchUserViewController.swift */ = {isa = PBXFileReference; lastKnownFileType = sourcecode.swift; path = SearchUserViewController.swift; sourceTree = "<group>"; };
		5DB08CE8251D947E009EE0CE /* UserDetailViewController.swift */ = {isa = PBXFileReference; lastKnownFileType = sourcecode.swift; path = UserDetailViewController.swift; sourceTree = "<group>"; };
		5DB08CF3251DC759009EE0CE /* UserModel.swift */ = {isa = PBXFileReference; lastKnownFileType = sourcecode.swift; path = UserModel.swift; sourceTree = "<group>"; };
		5DB08CF6251DCB6F009EE0CE /* UserData.swift */ = {isa = PBXFileReference; lastKnownFileType = sourcecode.swift; path = UserData.swift; sourceTree = "<group>"; };
		5DB08CFE251DD3A3009EE0CE /* SearchUserViewPresenter.swift */ = {isa = PBXFileReference; lastKnownFileType = sourcecode.swift; path = SearchUserViewPresenter.swift; sourceTree = "<group>"; };
/* End PBXFileReference section */

/* Begin PBXFrameworksBuildPhase section */
		5D54FAAD251C33D10038F0B7 /* Frameworks */ = {
			isa = PBXFrameworksBuildPhase;
			buildActionMask = 2147483647;
			files = (
			);
			runOnlyForDeploymentPostprocessing = 0;
		};
/* End PBXFrameworksBuildPhase section */

/* Begin PBXGroup section */
		5D54FAA7251C33D10038F0B7 = {
			isa = PBXGroup;
			children = (
				5D54FAB2251C33D10038F0B7 /* GitHubApiApp */,
				5D54FAB1251C33D10038F0B7 /* Products */,
			);
			sourceTree = "<group>";
		};
		5D54FAB1251C33D10038F0B7 /* Products */ = {
			isa = PBXGroup;
			children = (
				5D54FAB0251C33D10038F0B7 /* GitHubApiApp.app */,
			);
			name = Products;
			sourceTree = "<group>";
		};
		5D54FAB2251C33D10038F0B7 /* GitHubApiApp */ = {
			isa = PBXGroup;
			children = (
				5D54FAB3251C33D10038F0B7 /* AppDelegate.swift */,
				5D54FAB5251C33D10038F0B7 /* SceneDelegate.swift */,
				5DB08CF6251DCB6F009EE0CE /* UserData.swift */,
				5DB08CFC251DD029009EE0CE /* Presenter */,
				5DB08CF2251DBDF6009EE0CE /* Models */,
				5D54FAD9251C44110038F0B7 /* Views */,
				5D54FABF251C33D30038F0B7 /* Assets.xcassets */,
				5D54FAC1251C33D30038F0B7 /* LaunchScreen.storyboard */,
				5D54FAC4251C33D30038F0B7 /* Info.plist */,
				5D54FABC251C33D10038F0B7 /* GitHubApiApp.xcdatamodeld */,
			);
			path = GitHubApiApp;
			sourceTree = "<group>";
		};
		5D54FAD9251C44110038F0B7 /* Views */ = {
			isa = PBXGroup;
			children = (
				5DB08CE7251D945D009EE0CE /* UserDetail */,
				5D54FADA251C46460038F0B7 /* SearchUser */,
				5D54FAB9251C33D10038F0B7 /* Main.storyboard */,
			);
			path = Views;
			sourceTree = "<group>";
		};
		5D54FADA251C46460038F0B7 /* SearchUser */ = {
			isa = PBXGroup;
			children = (
				5D54FAD6251C35B30038F0B7 /* SearchUserViewController.swift */,
				5D54FADB251C46720038F0B7 /* Cell */,
			);
			path = SearchUser;
			sourceTree = "<group>";
		};
		5D54FADB251C46720038F0B7 /* Cell */ = {
			isa = PBXGroup;
			children = (
				5D54FAD0251C35560038F0B7 /* SearchUserTableViewCell.swift */,
				5D54FAD1251C35560038F0B7 /* SearchUserTableViewCell.xib */,
			);
			path = Cell;
			sourceTree = "<group>";
		};
		5DB08CE7251D945D009EE0CE /* UserDetail */ = {
			isa = PBXGroup;
			children = (
				5DB08CE8251D947E009EE0CE /* UserDetailViewController.swift */,
			);
			path = UserDetail;
			sourceTree = "<group>";
		};
		5DB08CF2251DBDF6009EE0CE /* Models */ = {
			isa = PBXGroup;
			children = (
				5DB08CF3251DC759009EE0CE /* UserModel.swift */,
			);
			path = Models;
			sourceTree = "<group>";
		};
		5DB08CFC251DD029009EE0CE /* Presenter */ = {
			isa = PBXGroup;
			children = (
				5DB08CFE251DD3A3009EE0CE /* SearchUserViewPresenter.swift */,
			);
			path = Presenter;
			sourceTree = "<group>";
		};
/* End PBXGroup section */

/* Begin PBXNativeTarget section */
		5D54FAAF251C33D10038F0B7 /* GitHubApiApp */ = {
			isa = PBXNativeTarget;
			buildConfigurationList = 5D54FAC7251C33D30038F0B7 /* Build configuration list for PBXNativeTarget "GitHubApiApp" */;
			buildPhases = (
				5D54FAAC251C33D10038F0B7 /* Sources */,
				5D54FAAD251C33D10038F0B7 /* Frameworks */,
				5D54FAAE251C33D10038F0B7 /* Resources */,
			);
			buildRules = (
			);
			dependencies = (
			);
			name = GitHubApiApp;
			productName = GitHubApiApp;
			productReference = 5D54FAB0251C33D10038F0B7 /* GitHubApiApp.app */;
			productType = "com.apple.product-type.application";
		};
/* End PBXNativeTarget section */

/* Begin PBXProject section */
		5D54FAA8251C33D10038F0B7 /* Project object */ = {
			isa = PBXProject;
			attributes = {
				LastSwiftUpdateCheck = 1200;
				LastUpgradeCheck = 1200;
				TargetAttributes = {
					5D54FAAF251C33D10038F0B7 = {
						CreatedOnToolsVersion = 12.0;
					};
				};
			};
			buildConfigurationList = 5D54FAAB251C33D10038F0B7 /* Build configuration list for PBXProject "GitHubApiApp" */;
			compatibilityVersion = "Xcode 9.3";
			developmentRegion = en;
			hasScannedForEncodings = 0;
			knownRegions = (
				en,
				Base,
			);
			mainGroup = 5D54FAA7251C33D10038F0B7;
			productRefGroup = 5D54FAB1251C33D10038F0B7 /* Products */;
			projectDirPath = "";
			projectRoot = "";
			targets = (
				5D54FAAF251C33D10038F0B7 /* GitHubApiApp */,
			);
		};
/* End PBXProject section */

/* Begin PBXResourcesBuildPhase section */
		5D54FAAE251C33D10038F0B7 /* Resources */ = {
			isa = PBXResourcesBuildPhase;
			buildActionMask = 2147483647;
			files = (
				5D54FAD3251C35560038F0B7 /* SearchUserTableViewCell.xib in Resources */,
				5D54FAC3251C33D30038F0B7 /* LaunchScreen.storyboard in Resources */,
				5D54FAC0251C33D30038F0B7 /* Assets.xcassets in Resources */,
				5D54FABB251C33D10038F0B7 /* Main.storyboard in Resources */,
			);
			runOnlyForDeploymentPostprocessing = 0;
		};
/* End PBXResourcesBuildPhase section */

/* Begin PBXSourcesBuildPhase section */
		5D54FAAC251C33D10038F0B7 /* Sources */ = {
			isa = PBXSourcesBuildPhase;
			buildActionMask = 2147483647;
			files = (
				5D54FAB4251C33D10038F0B7 /* AppDelegate.swift in Sources */,
				5DB08CF4251DC759009EE0CE /* UserModel.swift in Sources */,
				5DB08CFF251DD3A3009EE0CE /* SearchUserViewPresenter.swift in Sources */,
				5DB08CF7251DCB6F009EE0CE /* UserData.swift in Sources */,
				5D54FAB6251C33D10038F0B7 /* SceneDelegate.swift in Sources */,
				5DB08CE9251D947E009EE0CE /* UserDetailViewController.swift in Sources */,
				5D54FAD7251C35B30038F0B7 /* SearchUserViewController.swift in Sources */,
				5D54FABE251C33D10038F0B7 /* GitHubApiApp.xcdatamodeld in Sources */,
				5D54FAD2251C35560038F0B7 /* SearchUserTableViewCell.swift in Sources */,
			);
			runOnlyForDeploymentPostprocessing = 0;
		};
/* End PBXSourcesBuildPhase section */

/* Begin PBXVariantGroup section */
		5D54FAB9251C33D10038F0B7 /* Main.storyboard */ = {
			isa = PBXVariantGroup;
			children = (
				5D54FABA251C33D10038F0B7 /* Base */,
			);
			name = Main.storyboard;
			sourceTree = "<group>";
		};
		5D54FAC1251C33D30038F0B7 /* LaunchScreen.storyboard */ = {
			isa = PBXVariantGroup;
			children = (
				5D54FAC2251C33D30038F0B7 /* Base */,
			);
			name = LaunchScreen.storyboard;
			sourceTree = "<group>";
		};
/* End PBXVariantGroup section */

/* Begin XCBuildConfiguration section */
		5D54FAC5251C33D30038F0B7 /* Debug */ = {
			isa = XCBuildConfiguration;
			buildSettings = {
				ALWAYS_SEARCH_USER_PATHS = NO;
				CLANG_ANALYZER_NONNULL = YES;
				CLANG_ANALYZER_NUMBER_OBJECT_CONVERSION = YES_AGGRESSIVE;
				CLANG_CXX_LANGUAGE_STANDARD = "gnu++14";
				CLANG_CXX_LIBRARY = "libc++";
				CLANG_ENABLE_MODULES = YES;
				CLANG_ENABLE_OBJC_ARC = YES;
				CLANG_ENABLE_OBJC_WEAK = YES;
				CLANG_WARN_BLOCK_CAPTURE_AUTORELEASING = YES;
				CLANG_WARN_BOOL_CONVERSION = YES;
				CLANG_WARN_COMMA = YES;
				CLANG_WARN_CONSTANT_CONVERSION = YES;
				CLANG_WARN_DEPRECATED_OBJC_IMPLEMENTATIONS = YES;
				CLANG_WARN_DIRECT_OBJC_ISA_USAGE = YES_ERROR;
				CLANG_WARN_DOCUMENTATION_COMMENTS = YES;
				CLANG_WARN_EMPTY_BODY = YES;
				CLANG_WARN_ENUM_CONVERSION = YES;
				CLANG_WARN_INFINITE_RECURSION = YES;
				CLANG_WARN_INT_CONVERSION = YES;
				CLANG_WARN_NON_LITERAL_NULL_CONVERSION = YES;
				CLANG_WARN_OBJC_IMPLICIT_RETAIN_SELF = YES;
				CLANG_WARN_OBJC_LITERAL_CONVERSION = YES;
				CLANG_WARN_OBJC_ROOT_CLASS = YES_ERROR;
				CLANG_WARN_QUOTED_INCLUDE_IN_FRAMEWORK_HEADER = YES;
				CLANG_WARN_RANGE_LOOP_ANALYSIS = YES;
				CLANG_WARN_STRICT_PROTOTYPES = YES;
				CLANG_WARN_SUSPICIOUS_MOVE = YES;
				CLANG_WARN_UNGUARDED_AVAILABILITY = YES_AGGRESSIVE;
				CLANG_WARN_UNREACHABLE_CODE = YES;
				CLANG_WARN__DUPLICATE_METHOD_MATCH = YES;
				COPY_PHASE_STRIP = NO;
				DEBUG_INFORMATION_FORMAT = dwarf;
				ENABLE_STRICT_OBJC_MSGSEND = YES;
				ENABLE_TESTABILITY = YES;
				GCC_C_LANGUAGE_STANDARD = gnu11;
				GCC_DYNAMIC_NO_PIC = NO;
				GCC_NO_COMMON_BLOCKS = YES;
				GCC_OPTIMIZATION_LEVEL = 0;
				GCC_PREPROCESSOR_DEFINITIONS = (
					"DEBUG=1",
					"$(inherited)",
				);
				GCC_WARN_64_TO_32_BIT_CONVERSION = YES;
				GCC_WARN_ABOUT_RETURN_TYPE = YES_ERROR;
				GCC_WARN_UNDECLARED_SELECTOR = YES;
				GCC_WARN_UNINITIALIZED_AUTOS = YES_AGGRESSIVE;
				GCC_WARN_UNUSED_FUNCTION = YES;
				GCC_WARN_UNUSED_VARIABLE = YES;
				IPHONEOS_DEPLOYMENT_TARGET = 14.0;
				MTL_ENABLE_DEBUG_INFO = INCLUDE_SOURCE;
				MTL_FAST_MATH = YES;
				ONLY_ACTIVE_ARCH = YES;
				SDKROOT = iphoneos;
				SWIFT_ACTIVE_COMPILATION_CONDITIONS = DEBUG;
				SWIFT_OPTIMIZATION_LEVEL = "-Onone";
			};
			name = Debug;
		};
		5D54FAC6251C33D30038F0B7 /* Release */ = {
			isa = XCBuildConfiguration;
			buildSettings = {
				ALWAYS_SEARCH_USER_PATHS = NO;
				CLANG_ANALYZER_NONNULL = YES;
				CLANG_ANALYZER_NUMBER_OBJECT_CONVERSION = YES_AGGRESSIVE;
				CLANG_CXX_LANGUAGE_STANDARD = "gnu++14";
				CLANG_CXX_LIBRARY = "libc++";
				CLANG_ENABLE_MODULES = YES;
				CLANG_ENABLE_OBJC_ARC = YES;
				CLANG_ENABLE_OBJC_WEAK = YES;
				CLANG_WARN_BLOCK_CAPTURE_AUTORELEASING = YES;
				CLANG_WARN_BOOL_CONVERSION = YES;
				CLANG_WARN_COMMA = YES;
				CLANG_WARN_CONSTANT_CONVERSION = YES;
				CLANG_WARN_DEPRECATED_OBJC_IMPLEMENTATIONS = YES;
				CLANG_WARN_DIRECT_OBJC_ISA_USAGE = YES_ERROR;
				CLANG_WARN_DOCUMENTATION_COMMENTS = YES;
				CLANG_WARN_EMPTY_BODY = YES;
				CLANG_WARN_ENUM_CONVERSION = YES;
				CLANG_WARN_INFINITE_RECURSION = YES;
				CLANG_WARN_INT_CONVERSION = YES;
				CLANG_WARN_NON_LITERAL_NULL_CONVERSION = YES;
				CLANG_WARN_OBJC_IMPLICIT_RETAIN_SELF = YES;
				CLANG_WARN_OBJC_LITERAL_CONVERSION = YES;
				CLANG_WARN_OBJC_ROOT_CLASS = YES_ERROR;
				CLANG_WARN_QUOTED_INCLUDE_IN_FRAMEWORK_HEADER = YES;
				CLANG_WARN_RANGE_LOOP_ANALYSIS = YES;
				CLANG_WARN_STRICT_PROTOTYPES = YES;
				CLANG_WARN_SUSPICIOUS_MOVE = YES;
				CLANG_WARN_UNGUARDED_AVAILABILITY = YES_AGGRESSIVE;
				CLANG_WARN_UNREACHABLE_CODE = YES;
				CLANG_WARN__DUPLICATE_METHOD_MATCH = YES;
				COPY_PHASE_STRIP = NO;
				DEBUG_INFORMATION_FORMAT = "dwarf-with-dsym";
				ENABLE_NS_ASSERTIONS = NO;
				ENABLE_STRICT_OBJC_MSGSEND = YES;
				GCC_C_LANGUAGE_STANDARD = gnu11;
				GCC_NO_COMMON_BLOCKS = YES;
				GCC_WARN_64_TO_32_BIT_CONVERSION = YES;
				GCC_WARN_ABOUT_RETURN_TYPE = YES_ERROR;
				GCC_WARN_UNDECLARED_SELECTOR = YES;
				GCC_WARN_UNINITIALIZED_AUTOS = YES_AGGRESSIVE;
				GCC_WARN_UNUSED_FUNCTION = YES;
				GCC_WARN_UNUSED_VARIABLE = YES;
				IPHONEOS_DEPLOYMENT_TARGET = 14.0;
				MTL_ENABLE_DEBUG_INFO = NO;
				MTL_FAST_MATH = YES;
				SDKROOT = iphoneos;
				SWIFT_COMPILATION_MODE = wholemodule;
				SWIFT_OPTIMIZATION_LEVEL = "-O";
				VALIDATE_PRODUCT = YES;
			};
			name = Release;
		};
		5D54FAC8251C33D30038F0B7 /* Debug */ = {
			isa = XCBuildConfiguration;
			buildSettings = {
				ASSETCATALOG_COMPILER_APPICON_NAME = AppIcon;
				ASSETCATALOG_COMPILER_GLOBAL_ACCENT_COLOR_NAME = AccentColor;
				CODE_SIGN_STYLE = Automatic;
				DEVELOPMENT_TEAM = 3BFQNC3WZZ;
				INFOPLIST_FILE = GitHubApiApp/Info.plist;
				IPHONEOS_DEPLOYMENT_TARGET = 11.0;
				LD_RUNPATH_SEARCH_PATHS = (
					"$(inherited)",
					"@executable_path/Frameworks",
				);
				PRODUCT_BUNDLE_IDENTIFIER = on.yotubarail.GitHubApiApp;
				PRODUCT_NAME = "$(TARGET_NAME)";
				SWIFT_VERSION = 5.0;
				TARGETED_DEVICE_FAMILY = "1,2";
			};
			name = Debug;
		};
		5D54FAC9251C33D30038F0B7 /* Release */ = {
			isa = XCBuildConfiguration;
			buildSettings = {
				ASSETCATALOG_COMPILER_APPICON_NAME = AppIcon;
				ASSETCATALOG_COMPILER_GLOBAL_ACCENT_COLOR_NAME = AccentColor;
				CODE_SIGN_STYLE = Automatic;
				DEVELOPMENT_TEAM = 3BFQNC3WZZ;
				INFOPLIST_FILE = GitHubApiApp/Info.plist;
				IPHONEOS_DEPLOYMENT_TARGET = 11.0;
				LD_RUNPATH_SEARCH_PATHS = (
					"$(inherited)",
					"@executable_path/Frameworks",
				);
				PRODUCT_BUNDLE_IDENTIFIER = on.yotubarail.GitHubApiApp;
				PRODUCT_NAME = "$(TARGET_NAME)";
				SWIFT_VERSION = 5.0;
				TARGETED_DEVICE_FAMILY = "1,2";
			};
			name = Release;
		};
/* End XCBuildConfiguration section */

/* Begin XCConfigurationList section */
		5D54FAAB251C33D10038F0B7 /* Build configuration list for PBXProject "GitHubApiApp" */ = {
			isa = XCConfigurationList;
			buildConfigurations = (
				5D54FAC5251C33D30038F0B7 /* Debug */,
				5D54FAC6251C33D30038F0B7 /* Release */,
			);
			defaultConfigurationIsVisible = 0;
			defaultConfigurationName = Release;
		};
		5D54FAC7251C33D30038F0B7 /* Build configuration list for PBXNativeTarget "GitHubApiApp" */ = {
			isa = XCConfigurationList;
			buildConfigurations = (
				5D54FAC8251C33D30038F0B7 /* Debug */,
				5D54FAC9251C33D30038F0B7 /* Release */,
			);
			defaultConfigurationIsVisible = 0;
			defaultConfigurationName = Release;
		};
/* End XCConfigurationList section */

/* Begin XCVersionGroup section */
		5D54FABC251C33D10038F0B7 /* GitHubApiApp.xcdatamodeld */ = {
			isa = XCVersionGroup;
			children = (
				5D54FABD251C33D10038F0B7 /* GitHubApiApp.xcdatamodel */,
			);
			currentVersion = 5D54FABD251C33D10038F0B7 /* GitHubApiApp.xcdatamodel */;
			path = GitHubApiApp.xcdatamodeld;
			sourceTree = "<group>";
			versionGroupType = wrapper.xcdatamodel;
		};
/* End XCVersionGroup section */
	};
	rootObject = 5D54FAA8251C33D10038F0B7 /* Project object */;
}
